
Microsoft Visual Studio Solution File, Format Version 12.00
# Visual Studio Version 17
VisualStudioVersion = 17.0.31903.59
MinimumVisualStudioVersion = 10.0.40219.1
Project("{9A19103F-16F7-4668-BE54-9A1E7A4F7556}") = "EligereES", "EligereES\EligereES.csproj", "{854F70AC-3F88-4431-8097-AD8DC8644D9A}"
EndProject
Project("{9A19103F-16F7-4668-BE54-9A1E7A4F7556}") = "EligereVS", "EligereVS\EligereVS.csproj", "{A9B88ECB-AF21-4527-BDEB-58270DC5F3A5}"
EndProject
Project("{9A19103F-16F7-4668-BE54-9A1E7A4F7556}") = "ElectionGuardWebAPIClient", "ElectionGuardWebAPIClient\ElectionGuardWebAPIClient.csproj", "{AF4982EC-F901-429F-995F-0EB8B3259DEA}"
EndProject
Project("{9A19103F-16F7-4668-BE54-9A1E7A4F7556}") = "ElectionGuardWebAPIClientTests", "ElectionGuardWebAPIClientTests\ElectionGuardWebAPIClientTests.csproj", "{45E0C8FB-2520-42D2-977D-ACE49B6AF21D}"
EndProject
Project("{9A19103F-16F7-4668-BE54-9A1E7A4F7556}") = "tktdump", "tktdump\tktdump.csproj", "{0E6503E5-3915-488A-93CB-DDD032417144}"
EndProject
Project("{FAE04EC0-301F-11D3-BF4B-00C04F79EFBC}") = "EligereVS.BallotBox", "BallotBox\EligereVS.BallotBox.csproj", "{855A92F7-C6EB-4792-8F42-65CDBD72FE1D}"
EndProject
Project("{FAE04EC0-301F-11D3-BF4B-00C04F79EFBC}") = "EligereVS.BallotBox.UnitTests", "EligereVS.BallotBox.UnitTests\EligereVS.BallotBox.UnitTests.csproj", "{B684EA10-0FA1-4239-8761-ECCC69E726B8}"
EndProject
Global
	GlobalSection(SolutionConfigurationPlatforms) = preSolution
		Debug|Any CPU = Debug|Any CPU
		Release|Any CPU = Release|Any CPU
	EndGlobalSection
	GlobalSection(ProjectConfigurationPlatforms) = postSolution
		{854F70AC-3F88-4431-8097-AD8DC8644D9A}.Debug|Any CPU.ActiveCfg = Debug|Any CPU
		{854F70AC-3F88-4431-8097-AD8DC8644D9A}.Debug|Any CPU.Build.0 = Debug|Any CPU
		{854F70AC-3F88-4431-8097-AD8DC8644D9A}.Release|Any CPU.ActiveCfg = Release|Any CPU
		{854F70AC-3F88-4431-8097-AD8DC8644D9A}.Release|Any CPU.Build.0 = Release|Any CPU
		{A9B88ECB-AF21-4527-BDEB-58270DC5F3A5}.Debug|Any CPU.ActiveCfg = Debug|Any CPU
		{A9B88ECB-AF21-4527-BDEB-58270DC5F3A5}.Debug|Any CPU.Build.0 = Debug|Any CPU
		{A9B88ECB-AF21-4527-BDEB-58270DC5F3A5}.Release|Any CPU.ActiveCfg = Release|Any CPU
		{A9B88ECB-AF21-4527-BDEB-58270DC5F3A5}.Release|Any CPU.Build.0 = Release|Any CPU
		{AF4982EC-F901-429F-995F-0EB8B3259DEA}.Debug|Any CPU.ActiveCfg = Debug|Any CPU
		{AF4982EC-F901-429F-995F-0EB8B3259DEA}.Debug|Any CPU.Build.0 = Debug|Any CPU
		{AF4982EC-F901-429F-995F-0EB8B3259DEA}.Release|Any CPU.ActiveCfg = Release|Any CPU
		{AF4982EC-F901-429F-995F-0EB8B3259DEA}.Release|Any CPU.Build.0 = Release|Any CPU
		{45E0C8FB-2520-42D2-977D-ACE49B6AF21D}.Debug|Any CPU.ActiveCfg = Debug|Any CPU
		{45E0C8FB-2520-42D2-977D-ACE49B6AF21D}.Debug|Any CPU.Build.0 = Debug|Any CPU
		{45E0C8FB-2520-42D2-977D-ACE49B6AF21D}.Release|Any CPU.ActiveCfg = Release|Any CPU
		{45E0C8FB-2520-42D2-977D-ACE49B6AF21D}.Release|Any CPU.Build.0 = Release|Any CPU
		{0E6503E5-3915-488A-93CB-DDD032417144}.Debug|Any CPU.ActiveCfg = Debug|Any CPU
		{0E6503E5-3915-488A-93CB-DDD032417144}.Debug|Any CPU.Build.0 = Debug|Any CPU
		{0E6503E5-3915-488A-93CB-DDD032417144}.Release|Any CPU.ActiveCfg = Release|Any CPU
		{0E6503E5-3915-488A-93CB-DDD032417144}.Release|Any CPU.Build.0 = Release|Any CPU
		{855A92F7-C6EB-4792-8F42-65CDBD72FE1D}.Debug|Any CPU.ActiveCfg = Debug|Any CPU
		{855A92F7-C6EB-4792-8F42-65CDBD72FE1D}.Debug|Any CPU.Build.0 = Debug|Any CPU
		{855A92F7-C6EB-4792-8F42-65CDBD72FE1D}.Release|Any CPU.ActiveCfg = Release|Any CPU
		{855A92F7-C6EB-4792-8F42-65CDBD72FE1D}.Release|Any CPU.Build.0 = Release|Any CPU
		{B684EA10-0FA1-4239-8761-ECCC69E726B8}.Debug|Any CPU.ActiveCfg = Debug|Any CPU
		{B684EA10-0FA1-4239-8761-ECCC69E726B8}.Debug|Any CPU.Build.0 = Debug|Any CPU
		{B684EA10-0FA1-4239-8761-ECCC69E726B8}.Release|Any CPU.ActiveCfg = Release|Any CPU
		{B684EA10-0FA1-4239-8761-ECCC69E726B8}.Release|Any CPU.Build.0 = Release|Any CPU
	EndGlobalSection
	GlobalSection(SolutionProperties) = preSolution
		HideSolutionNode = FALSE
	EndGlobalSection
	GlobalSection(ExtensibilityGlobals) = postSolution
		SolutionGuid = {659ACFD6-E6DF-47F2-8D6C-D8113B20C5BD}
	EndGlobalSection
EndGlobal
