
Microsoft Visual Studio Solution File, Format Version 12.00
# Visual Studio Version 16
VisualStudioVersion = 16.0.30114.105
MinimumVisualStudioVersion = 10.0.40219.1
Project("{9A19103F-16F7-4668-BE54-9A1E7A4F7556}") = "EligereES", "EligereES\EligereES.csproj", "{854F70AC-3F88-4431-8097-AD8DC8644D9A}"
EndProject
Project("{9A19103F-16F7-4668-BE54-9A1E7A4F7556}") = "EligereVS", "EligereVS\EligereVS.csproj", "{A9B88ECB-AF21-4527-BDEB-58270DC5F3A5}"
EndProject
Project("{9A19103F-16F7-4668-BE54-9A1E7A4F7556}") = "EligereSetup", "EligereSetup\EligereSetup.csproj", "{A10BB22D-8CFB-440B-885E-8D2DF4AF38C8}"
EndProject
Project("{9A19103F-16F7-4668-BE54-9A1E7A4F7556}") = "ElectionGuardWebAPIClient", "ElectionGuardWebAPIClient\ElectionGuardWebAPIClient.csproj", "{AF4982EC-F901-429F-995F-0EB8B3259DEA}"
EndProject
Project("{9A19103F-16F7-4668-BE54-9A1E7A4F7556}") = "ElectionGuardWebAPIClientTests", "ElectionGuardWebAPIClientTests\ElectionGuardWebAPIClientTests.csproj", "{45E0C8FB-2520-42D2-977D-ACE49B6AF21D}"
EndProject
Global
	GlobalSection(SolutionConfigurationPlatforms) = preSolution
		Debug|Any CPU = Debug|Any CPU
		Release|Any CPU = Release|Any CPU
	EndGlobalSection
	GlobalSection(ProjectConfigurationPlatforms) = postSolution
		{854F70AC-3F88-4431-8097-AD8DC8644D9A}.Debug|Any CPU.ActiveCfg = Debug|Any CPU
		{854F70AC-3F88-4431-8097-AD8DC8644D9A}.Debug|Any CPU.Build.0 = Debug|Any CPU
		{854F70AC-3F88-4431-8097-AD8DC8644D9A}.Release|Any CPU.ActiveCfg = Release|Any CPU
		{854F70AC-3F88-4431-8097-AD8DC8644D9A}.Release|Any CPU.Build.0 = Release|Any CPU
		{A9B88ECB-AF21-4527-BDEB-58270DC5F3A5}.Debug|Any CPU.ActiveCfg = Debug|Any CPU
		{A9B88ECB-AF21-4527-BDEB-58270DC5F3A5}.Debug|Any CPU.Build.0 = Debug|Any CPU
		{A9B88ECB-AF21-4527-BDEB-58270DC5F3A5}.Release|Any CPU.ActiveCfg = Release|Any CPU
		{A9B88ECB-AF21-4527-BDEB-58270DC5F3A5}.Release|Any CPU.Build.0 = Release|Any CPU
		{A10BB22D-8CFB-440B-885E-8D2DF4AF38C8}.Debug|Any CPU.ActiveCfg = Debug|Any CPU
		{A10BB22D-8CFB-440B-885E-8D2DF4AF38C8}.Debug|Any CPU.Build.0 = Debug|Any CPU
		{A10BB22D-8CFB-440B-885E-8D2DF4AF38C8}.Release|Any CPU.ActiveCfg = Release|Any CPU
		{A10BB22D-8CFB-440B-885E-8D2DF4AF38C8}.Release|Any CPU.Build.0 = Release|Any CPU
		{AF4982EC-F901-429F-995F-0EB8B3259DEA}.Debug|Any CPU.ActiveCfg = Debug|Any CPU
		{AF4982EC-F901-429F-995F-0EB8B3259DEA}.Debug|Any CPU.Build.0 = Debug|Any CPU
		{AF4982EC-F901-429F-995F-0EB8B3259DEA}.Release|Any CPU.ActiveCfg = Release|Any CPU
		{AF4982EC-F901-429F-995F-0EB8B3259DEA}.Release|Any CPU.Build.0 = Release|Any CPU
		{45E0C8FB-2520-42D2-977D-ACE49B6AF21D}.Debug|Any CPU.ActiveCfg = Debug|Any CPU
		{45E0C8FB-2520-42D2-977D-ACE49B6AF21D}.Debug|Any CPU.Build.0 = Debug|Any CPU
		{45E0C8FB-2520-42D2-977D-ACE49B6AF21D}.Release|Any CPU.ActiveCfg = Release|Any CPU
		{45E0C8FB-2520-42D2-977D-ACE49B6AF21D}.Release|Any CPU.Build.0 = Release|Any CPU
	EndGlobalSection
	GlobalSection(SolutionProperties) = preSolution
		HideSolutionNode = FALSE
	EndGlobalSection
	GlobalSection(ExtensibilityGlobals) = postSolution
		SolutionGuid = {659ACFD6-E6DF-47F2-8D6C-D8113B20C5BD}
	EndGlobalSection
EndGlobal
